// !$*UTF8*$!
{
	archiveVersion = 1;
	classes = {
	};
	objectVersion = 46;
	objects = {

/* Begin PBXBuildFile section */
		0A1107A8190A6DAC00105743 /* Foundation.framework in Frameworks */ = {isa = PBXBuildFile; fileRef = 0A1107A7190A6DAC00105743 /* Foundation.framework */; };
		0A1107AA190A6DAD00105743 /* CoreGraphics.framework in Frameworks */ = {isa = PBXBuildFile; fileRef = 0A1107A9190A6DAD00105743 /* CoreGraphics.framework */; };
		0A1107AC190A6DAD00105743 /* UIKit.framework in Frameworks */ = {isa = PBXBuildFile; fileRef = 0A1107AB190A6DAD00105743 /* UIKit.framework */; };
		0A1107B2190A6DAD00105743 /* InfoPlist.strings in Resources */ = {isa = PBXBuildFile; fileRef = 0A1107B0190A6DAD00105743 /* InfoPlist.strings */; };
		0A1107B4190A6DAD00105743 /* main.m in Sources */ = {isa = PBXBuildFile; fileRef = 0A1107B3190A6DAD00105743 /* main.m */; };
		0A1107B8190A6DAD00105743 /* YASLAppDelegate.m in Sources */ = {isa = PBXBuildFile; fileRef = 0A1107B7190A6DAD00105743 /* YASLAppDelegate.m */; };
		0A1107BB190A6DAD00105743 /* Main.storyboard in Resources */ = {isa = PBXBuildFile; fileRef = 0A1107B9190A6DAD00105743 /* Main.storyboard */; };
		0A1107BE190A6DAD00105743 /* YASLViewController.m in Sources */ = {isa = PBXBuildFile; fileRef = 0A1107BD190A6DAD00105743 /* YASLViewController.m */; };
		0A1107C0190A6DAD00105743 /* Images.xcassets in Resources */ = {isa = PBXBuildFile; fileRef = 0A1107BF190A6DAD00105743 /* Images.xcassets */; };
		0A1107C7190A6DAD00105743 /* XCTest.framework in Frameworks */ = {isa = PBXBuildFile; fileRef = 0A1107C6190A6DAD00105743 /* XCTest.framework */; };
		0A1107C8190A6DAD00105743 /* Foundation.framework in Frameworks */ = {isa = PBXBuildFile; fileRef = 0A1107A7190A6DAC00105743 /* Foundation.framework */; };
		0A1107C9190A6DAD00105743 /* UIKit.framework in Frameworks */ = {isa = PBXBuildFile; fileRef = 0A1107AB190A6DAD00105743 /* UIKit.framework */; };
		0A1107D1190A6DAD00105743 /* InfoPlist.strings in Resources */ = {isa = PBXBuildFile; fileRef = 0A1107CF190A6DAD00105743 /* InfoPlist.strings */; };
		0A1107D3190A6DAD00105743 /* YASLTests.m in Sources */ = {isa = PBXBuildFile; fileRef = 0A1107D2190A6DAD00105743 /* YASLTests.m */; };
/* End PBXBuildFile section */

/* Begin PBXContainerItemProxy section */
		0A1107CA190A6DAD00105743 /* PBXContainerItemProxy */ = {
			isa = PBXContainerItemProxy;
			containerPortal = 0A11079C190A6DAC00105743 /* Project object */;
			proxyType = 1;
			remoteGlobalIDString = 0A1107A3190A6DAC00105743;
			remoteInfo = YASL;
		};
/* End PBXContainerItemProxy section */

/* Begin PBXFileReference section */
		0A1107A4190A6DAC00105743 /* YASL.app */ = {isa = PBXFileReference; explicitFileType = wrapper.application; includeInIndex = 0; path = YASL.app; sourceTree = BUILT_PRODUCTS_DIR; };
		0A1107A7190A6DAC00105743 /* Foundation.framework */ = {isa = PBXFileReference; lastKnownFileType = wrapper.framework; name = Foundation.framework; path = System/Library/Frameworks/Foundation.framework; sourceTree = SDKROOT; };
		0A1107A9190A6DAD00105743 /* CoreGraphics.framework */ = {isa = PBXFileReference; lastKnownFileType = wrapper.framework; name = CoreGraphics.framework; path = System/Library/Frameworks/CoreGraphics.framework; sourceTree = SDKROOT; };
		0A1107AB190A6DAD00105743 /* UIKit.framework */ = {isa = PBXFileReference; lastKnownFileType = wrapper.framework; name = UIKit.framework; path = System/Library/Frameworks/UIKit.framework; sourceTree = SDKROOT; };
		0A1107AF190A6DAD00105743 /* YASL-Info.plist */ = {isa = PBXFileReference; lastKnownFileType = text.plist.xml; path = "YASL-Info.plist"; sourceTree = "<group>"; };
		0A1107B1190A6DAD00105743 /* en */ = {isa = PBXFileReference; lastKnownFileType = text.plist.strings; name = en; path = en.lproj/InfoPlist.strings; sourceTree = "<group>"; };
		0A1107B3190A6DAD00105743 /* main.m */ = {isa = PBXFileReference; lastKnownFileType = sourcecode.c.objc; path = main.m; sourceTree = "<group>"; };
		0A1107B5190A6DAD00105743 /* YASL-Prefix.pch */ = {isa = PBXFileReference; lastKnownFileType = sourcecode.c.h; path = "YASL-Prefix.pch"; sourceTree = "<group>"; };
		0A1107B6190A6DAD00105743 /* YASLAppDelegate.h */ = {isa = PBXFileReference; lastKnownFileType = sourcecode.c.h; path = YASLAppDelegate.h; sourceTree = "<group>"; };
		0A1107B7190A6DAD00105743 /* YASLAppDelegate.m */ = {isa = PBXFileReference; lastKnownFileType = sourcecode.c.objc; path = YASLAppDelegate.m; sourceTree = "<group>"; };
		0A1107BA190A6DAD00105743 /* Base */ = {isa = PBXFileReference; lastKnownFileType = file.storyboard; name = Base; path = Base.lproj/Main.storyboard; sourceTree = "<group>"; };
		0A1107BC190A6DAD00105743 /* YASLViewController.h */ = {isa = PBXFileReference; lastKnownFileType = sourcecode.c.h; path = YASLViewController.h; sourceTree = "<group>"; };
		0A1107BD190A6DAD00105743 /* YASLViewController.m */ = {isa = PBXFileReference; lastKnownFileType = sourcecode.c.objc; path = YASLViewController.m; sourceTree = "<group>"; };
		0A1107BF190A6DAD00105743 /* Images.xcassets */ = {isa = PBXFileReference; lastKnownFileType = folder.assetcatalog; path = Images.xcassets; sourceTree = "<group>"; };
		0A1107C5190A6DAD00105743 /* YASLTests.xctest */ = {isa = PBXFileReference; explicitFileType = wrapper.cfbundle; includeInIndex = 0; path = YASLTests.xctest; sourceTree = BUILT_PRODUCTS_DIR; };
		0A1107C6190A6DAD00105743 /* XCTest.framework */ = {isa = PBXFileReference; lastKnownFileType = wrapper.framework; name = XCTest.framework; path = Library/Frameworks/XCTest.framework; sourceTree = DEVELOPER_DIR; };
		0A1107CE190A6DAD00105743 /* YASLTests-Info.plist */ = {isa = PBXFileReference; lastKnownFileType = text.plist.xml; path = "YASLTests-Info.plist"; sourceTree = "<group>"; };
		0A1107D0190A6DAD00105743 /* en */ = {isa = PBXFileReference; lastKnownFileType = text.plist.strings; name = en; path = en.lproj/InfoPlist.strings; sourceTree = "<group>"; };
		0A1107D2190A6DAD00105743 /* YASLTests.m */ = {isa = PBXFileReference; lastKnownFileType = sourcecode.c.objc; path = YASLTests.m; sourceTree = "<group>"; };
/* End PBXFileReference section */

/* Begin PBXFrameworksBuildPhase section */
		0A1107A1190A6DAC00105743 /* Frameworks */ = {
			isa = PBXFrameworksBuildPhase;
			buildActionMask = 2147483647;
			files = (
				0A1107AA190A6DAD00105743 /* CoreGraphics.framework in Frameworks */,
				0A1107AC190A6DAD00105743 /* UIKit.framework in Frameworks */,
				0A1107A8190A6DAC00105743 /* Foundation.framework in Frameworks */,
			);
			runOnlyForDeploymentPostprocessing = 0;
		};
		0A1107C2190A6DAD00105743 /* Frameworks */ = {
			isa = PBXFrameworksBuildPhase;
			buildActionMask = 2147483647;
			files = (
				0A1107C7190A6DAD00105743 /* XCTest.framework in Frameworks */,
				0A1107C9190A6DAD00105743 /* UIKit.framework in Frameworks */,
				0A1107C8190A6DAD00105743 /* Foundation.framework in Frameworks */,
			);
			runOnlyForDeploymentPostprocessing = 0;
		};
/* End PBXFrameworksBuildPhase section */

/* Begin PBXGroup section */
		0A11079B190A6DAC00105743 = {
			isa = PBXGroup;
			children = (
				0A1107AD190A6DAD00105743 /* YASL */,
				0A1107CC190A6DAD00105743 /* YASLTests */,
				0A1107A6190A6DAC00105743 /* Frameworks */,
				0A1107A5190A6DAC00105743 /* Products */,
			);
			sourceTree = "<group>";
		};
		0A1107A5190A6DAC00105743 /* Products */ = {
			isa = PBXGroup;
			children = (
				0A1107A4190A6DAC00105743 /* YASL.app */,
				0A1107C5190A6DAD00105743 /* YASLTests.xctest */,
			);
			name = Products;
			sourceTree = "<group>";
		};
		0A1107A6190A6DAC00105743 /* Frameworks */ = {
			isa = PBXGroup;
			children = (
				0A1107A7190A6DAC00105743 /* Foundation.framework */,
				0A1107A9190A6DAD00105743 /* CoreGraphics.framework */,
				0A1107AB190A6DAD00105743 /* UIKit.framework */,
				0A1107C6190A6DAD00105743 /* XCTest.framework */,
			);
			name = Frameworks;
			sourceTree = "<group>";
		};
		0A1107AD190A6DAD00105743 /* YASL */ = {
			isa = PBXGroup;
			children = (
				0A1107B6190A6DAD00105743 /* YASLAppDelegate.h */,
				0A1107B7190A6DAD00105743 /* YASLAppDelegate.m */,
				0A1107B9190A6DAD00105743 /* Main.storyboard */,
				0A1107BC190A6DAD00105743 /* YASLViewController.h */,
				0A1107BD190A6DAD00105743 /* YASLViewController.m */,
				0A1107BF190A6DAD00105743 /* Images.xcassets */,
				0A1107AE190A6DAD00105743 /* Supporting Files */,
			);
			path = YASL;
			sourceTree = "<group>";
		};
		0A1107AE190A6DAD00105743 /* Supporting Files */ = {
			isa = PBXGroup;
			children = (
				0A1107AF190A6DAD00105743 /* YASL-Info.plist */,
				0A1107B0190A6DAD00105743 /* InfoPlist.strings */,
				0A1107B3190A6DAD00105743 /* main.m */,
				0A1107B5190A6DAD00105743 /* YASL-Prefix.pch */,
			);
			name = "Supporting Files";
			sourceTree = "<group>";
		};
		0A1107CC190A6DAD00105743 /* YASLTests */ = {
			isa = PBXGroup;
			children = (
				0A1107D2190A6DAD00105743 /* YASLTests.m */,
				0A1107CD190A6DAD00105743 /* Supporting Files */,
			);
			path = YASLTests;
			sourceTree = "<group>";
		};
		0A1107CD190A6DAD00105743 /* Supporting Files */ = {
			isa = PBXGroup;
			children = (
				0A1107CE190A6DAD00105743 /* YASLTests-Info.plist */,
				0A1107CF190A6DAD00105743 /* InfoPlist.strings */,
			);
			name = "Supporting Files";
			sourceTree = "<group>";
		};
/* End PBXGroup section */

/* Begin PBXNativeTarget section */
		0A1107A3190A6DAC00105743 /* YASL */ = {
			isa = PBXNativeTarget;
			buildConfigurationList = 0A1107D6190A6DAD00105743 /* Build configuration list for PBXNativeTarget "YASL" */;
			buildPhases = (
				0A1107A0190A6DAC00105743 /* Sources */,
				0A1107A1190A6DAC00105743 /* Frameworks */,
				0A1107A2190A6DAC00105743 /* Resources */,
			);
			buildRules = (
			);
			dependencies = (
			);
			name = YASL;
			productName = YASL;
			productReference = 0A1107A4190A6DAC00105743 /* YASL.app */;
			productType = "com.apple.product-type.application";
		};
		0A1107C4190A6DAD00105743 /* YASLTests */ = {
			isa = PBXNativeTarget;
			buildConfigurationList = 0A1107D9190A6DAD00105743 /* Build configuration list for PBXNativeTarget "YASLTests" */;
			buildPhases = (
				0A1107C1190A6DAD00105743 /* Sources */,
				0A1107C2190A6DAD00105743 /* Frameworks */,
				0A1107C3190A6DAD00105743 /* Resources */,
			);
			buildRules = (
			);
			dependencies = (
				0A1107CB190A6DAD00105743 /* PBXTargetDependency */,
			);
			name = YASLTests;
			productName = YASLTests;
			productReference = 0A1107C5190A6DAD00105743 /* YASLTests.xctest */;
			productType = "com.apple.product-type.bundle.unit-test";
		};
/* End PBXNativeTarget section */

/* Begin PBXProject section */
		0A11079C190A6DAC00105743 /* Project object */ = {
			isa = PBXProject;
			attributes = {
				CLASSPREFIX = YASL;
				LastUpgradeCheck = 0500;
				ORGANIZATIONNAME = Ankh;
				TargetAttributes = {
					0A1107C4190A6DAD00105743 = {
						TestTargetID = 0A1107A3190A6DAC00105743;
					};
				};
			};
			buildConfigurationList = 0A11079F190A6DAC00105743 /* Build configuration list for PBXProject "YASL" */;
			compatibilityVersion = "Xcode 3.2";
			developmentRegion = English;
			hasScannedForEncodings = 0;
			knownRegions = (
				en,
				Base,
			);
			mainGroup = 0A11079B190A6DAC00105743;
			productRefGroup = 0A1107A5190A6DAC00105743 /* Products */;
			projectDirPath = "";
			projectRoot = "";
			targets = (
				0A1107A3190A6DAC00105743 /* YASL */,
				0A1107C4190A6DAD00105743 /* YASLTests */,
			);
		};
/* End PBXProject section */

/* Begin PBXResourcesBuildPhase section */
		0A1107A2190A6DAC00105743 /* Resources */ = {
			isa = PBXResourcesBuildPhase;
			buildActionMask = 2147483647;
			files = (
				0A1107C0190A6DAD00105743 /* Images.xcassets in Resources */,
				0A1107B2190A6DAD00105743 /* InfoPlist.strings in Resources */,
				0A1107BB190A6DAD00105743 /* Main.storyboard in Resources */,
			);
			runOnlyForDeploymentPostprocessing = 0;
		};
		0A1107C3190A6DAD00105743 /* Resources */ = {
			isa = PBXResourcesBuildPhase;
			buildActionMask = 2147483647;
			files = (
				0A1107D1190A6DAD00105743 /* InfoPlist.strings in Resources */,
			);
			runOnlyForDeploymentPostprocessing = 0;
		};
/* End PBXResourcesBuildPhase section */

/* Begin PBXSourcesBuildPhase section */
		0A1107A0190A6DAC00105743 /* Sources */ = {
			isa = PBXSourcesBuildPhase;
			buildActionMask = 2147483647;
			files = (
				0A1107BE190A6DAD00105743 /* YASLViewController.m in Sources */,
				0A1107B4190A6DAD00105743 /* main.m in Sources */,
				0A1107B8190A6DAD00105743 /* YASLAppDelegate.m in Sources */,
			);
			runOnlyForDeploymentPostprocessing = 0;
		};
		0A1107C1190A6DAD00105743 /* Sources */ = {
			isa = PBXSourcesBuildPhase;
			buildActionMask = 2147483647;
			files = (
				0A1107D3190A6DAD00105743 /* YASLTests.m in Sources */,
			);
			runOnlyForDeploymentPostprocessing = 0;
		};
/* End PBXSourcesBuildPhase section */

/* Begin PBXTargetDependency section */
		0A1107CB190A6DAD00105743 /* PBXTargetDependency */ = {
			isa = PBXTargetDependency;
			target = 0A1107A3190A6DAC00105743 /* YASL */;
			targetProxy = 0A1107CA190A6DAD00105743 /* PBXContainerItemProxy */;
		};
/* End PBXTargetDependency section */

/* Begin PBXVariantGroup section */
		0A1107B0190A6DAD00105743 /* InfoPlist.strings */ = {
			isa = PBXVariantGroup;
			children = (
				0A1107B1190A6DAD00105743 /* en */,
			);
			name = InfoPlist.strings;
			sourceTree = "<group>";
		};
		0A1107B9190A6DAD00105743 /* Main.storyboard */ = {
			isa = PBXVariantGroup;
			children = (
				0A1107BA190A6DAD00105743 /* Base */,
			);
			name = Main.storyboard;
			sourceTree = "<group>";
		};
		0A1107CF190A6DAD00105743 /* InfoPlist.strings */ = {
			isa = PBXVariantGroup;
			children = (
				0A1107D0190A6DAD00105743 /* en */,
			);
			name = InfoPlist.strings;
			sourceTree = "<group>";
		};
/* End PBXVariantGroup section */

/* Begin XCBuildConfiguration section */
		0A1107D4190A6DAD00105743 /* Debug */ = {
			isa = XCBuildConfiguration;
			buildSettings = {
				ALWAYS_SEARCH_USER_PATHS = NO;
				ARCHS = "$(ARCHS_STANDARD_INCLUDING_64_BIT)";
				CLANG_CXX_LANGUAGE_STANDARD = "gnu++0x";
				CLANG_CXX_LIBRARY = "libc++";
				CLANG_ENABLE_MODULES = YES;
				CLANG_ENABLE_OBJC_ARC = YES;
				CLANG_WARN_BOOL_CONVERSION = YES;
				CLANG_WARN_CONSTANT_CONVERSION = YES;
				CLANG_WARN_DIRECT_OBJC_ISA_USAGE = YES_ERROR;
				CLANG_WARN_EMPTY_BODY = YES;
				CLANG_WARN_ENUM_CONVERSION = YES;
				CLANG_WARN_INT_CONVERSION = YES;
				CLANG_WARN_OBJC_ROOT_CLASS = YES_ERROR;
				CLANG_WARN__DUPLICATE_METHOD_MATCH = YES;
				"CODE_SIGN_IDENTITY[sdk=iphoneos*]" = "iPhone Developer";
				COPY_PHASE_STRIP = NO;
				GCC_C_LANGUAGE_STANDARD = gnu99;
				GCC_DYNAMIC_NO_PIC = NO;
				GCC_OPTIMIZATION_LEVEL = 0;
				GCC_PREPROCESSOR_DEFINITIONS = (
					"DEBUG=1",
					"$(inherited)",
				);
				GCC_SYMBOLS_PRIVATE_EXTERN = NO;
				GCC_WARN_64_TO_32_BIT_CONVERSION = YES;
				GCC_WARN_ABOUT_RETURN_TYPE = YES_ERROR;
				GCC_WARN_UNDECLARED_SELECTOR = YES;
				GCC_WARN_UNINITIALIZED_AUTOS = YES;
				GCC_WARN_UNUSED_FUNCTION = YES;
				GCC_WARN_UNUSED_VARIABLE = YES;
				IPHONEOS_DEPLOYMENT_TARGET = 7.0;
				ONLY_ACTIVE_ARCH = YES;
				SDKROOT = iphoneos;
			};
			name = Debug;
		};
		0A1107D5190A6DAD00105743 /* Release */ = {
			isa = XCBuildConfiguration;
			buildSettings = {
				ALWAYS_SEARCH_USER_PATHS = NO;
				ARCHS = "$(ARCHS_STANDARD_INCLUDING_64_BIT)";
				CLANG_CXX_LANGUAGE_STANDARD = "gnu++0x";
				CLANG_CXX_LIBRARY = "libc++";
				CLANG_ENABLE_MODULES = YES;
				CLANG_ENABLE_OBJC_ARC = YES;
				CLANG_WARN_BOOL_CONVERSION = YES;
				CLANG_WARN_CONSTANT_CONVERSION = YES;
				CLANG_WARN_DIRECT_OBJC_ISA_USAGE = YES_ERROR;
				CLANG_WARN_EMPTY_BODY = YES;
				CLANG_WARN_ENUM_CONVERSION = YES;
				CLANG_WARN_INT_CONVERSION = YES;
				CLANG_WARN_OBJC_ROOT_CLASS = YES_ERROR;
				CLANG_WARN__DUPLICATE_METHOD_MATCH = YES;
				"CODE_SIGN_IDENTITY[sdk=iphoneos*]" = "iPhone Developer";
				COPY_PHASE_STRIP = YES;
				ENABLE_NS_ASSERTIONS = NO;
				GCC_C_LANGUAGE_STANDARD = gnu99;
				GCC_WARN_64_TO_32_BIT_CONVERSION = YES;
				GCC_WARN_ABOUT_RETURN_TYPE = YES_ERROR;
				GCC_WARN_UNDECLARED_SELECTOR = YES;
				GCC_WARN_UNINITIALIZED_AUTOS = YES;
				GCC_WARN_UNUSED_FUNCTION = YES;
				GCC_WARN_UNUSED_VARIABLE = YES;
				IPHONEOS_DEPLOYMENT_TARGET = 7.0;
				SDKROOT = iphoneos;
				VALIDATE_PRODUCT = YES;
			};
			name = Release;
		};
		0A1107D7190A6DAD00105743 /* Debug */ = {
			isa = XCBuildConfiguration;
			buildSettings = {
				ASSETCATALOG_COMPILER_APPICON_NAME = AppIcon;
				ASSETCATALOG_COMPILER_LAUNCHIMAGE_NAME = LaunchImage;
				GCC_PRECOMPILE_PREFIX_HEADER = YES;
				GCC_PREFIX_HEADER = "YASL/YASL-Prefix.pch";
				INFOPLIST_FILE = "YASL/YASL-Info.plist";
				PRODUCT_NAME = "$(TARGET_NAME)";
				WRAPPER_EXTENSION = app;
			};
			name = Debug;
		};
		0A1107D8190A6DAD00105743 /* Release */ = {
			isa = XCBuildConfiguration;
			buildSettings = {
				ASSETCATALOG_COMPILER_APPICON_NAME = AppIcon;
				ASSETCATALOG_COMPILER_LAUNCHIMAGE_NAME = LaunchImage;
				GCC_PRECOMPILE_PREFIX_HEADER = YES;
				GCC_PREFIX_HEADER = "YASL/YASL-Prefix.pch";
				INFOPLIST_FILE = "YASL/YASL-Info.plist";
				PRODUCT_NAME = "$(TARGET_NAME)";
				WRAPPER_EXTENSION = app;
			};
			name = Release;
		};
		0A1107DA190A6DAD00105743 /* Debug */ = {
			isa = XCBuildConfiguration;
			buildSettings = {
				ARCHS = "$(ARCHS_STANDARD_INCLUDING_64_BIT)";
				BUNDLE_LOADER = "$(BUILT_PRODUCTS_DIR)/YASL.app/YASL";
				FRAMEWORK_SEARCH_PATHS = (
					"$(SDKROOT)/Developer/Library/Frameworks",
					"$(inherited)",
					"$(DEVELOPER_FRAMEWORKS_DIR)",
				);
				GCC_PRECOMPILE_PREFIX_HEADER = YES;
				GCC_PREFIX_HEADER = "YASL/YASL-Prefix.pch";
				GCC_PREPROCESSOR_DEFINITIONS = (
					"DEBUG=1",
					"$(inherited)",
				);
				INFOPLIST_FILE = "YASLTests/YASLTests-Info.plist";
				PRODUCT_NAME = "$(TARGET_NAME)";
				TEST_HOST = "$(BUNDLE_LOADER)";
				WRAPPER_EXTENSION = xctest;
			};
			name = Debug;
		};
		0A1107DB190A6DAD00105743 /* Release */ = {
			isa = XCBuildConfiguration;
			buildSettings = {
				ARCHS = "$(ARCHS_STANDARD_INCLUDING_64_BIT)";
				BUNDLE_LOADER = "$(BUILT_PRODUCTS_DIR)/YASL.app/YASL";
				FRAMEWORK_SEARCH_PATHS = (
					"$(SDKROOT)/Developer/Library/Frameworks",
					"$(inherited)",
					"$(DEVELOPER_FRAMEWORKS_DIR)",
				);
				GCC_PRECOMPILE_PREFIX_HEADER = YES;
				GCC_PREFIX_HEADER = "YASL/YASL-Prefix.pch";
				INFOPLIST_FILE = "YASLTests/YASLTests-Info.plist";
				PRODUCT_NAME = "$(TARGET_NAME)";
				TEST_HOST = "$(BUNDLE_LOADER)";
				WRAPPER_EXTENSION = xctest;
			};
			name = Release;
		};
/* End XCBuildConfiguration section */

/* Begin XCConfigurationList section */
		0A11079F190A6DAC00105743 /* Build configuration list for PBXProject "YASL" */ = {
			isa = XCConfigurationList;
			buildConfigurations = (
				0A1107D4190A6DAD00105743 /* Debug */,
				0A1107D5190A6DAD00105743 /* Release */,
			);
			defaultConfigurationIsVisible = 0;
			defaultConfigurationName = Release;
		};
		0A1107D6190A6DAD00105743 /* Build configuration list for PBXNativeTarget "YASL" */ = {
			isa = XCConfigurationList;
			buildConfigurations = (
				0A1107D7190A6DAD00105743 /* Debug */,
				0A1107D8190A6DAD00105743 /* Release */,
			);
			defaultConfigurationIsVisible = 0;
		};
		0A1107D9190A6DAD00105743 /* Build configuration list for PBXNativeTarget "YASLTests" */ = {
			isa = XCConfigurationList;
			buildConfigurations = (
				0A1107DA190A6DAD00105743 /* Debug */,
				0A1107DB190A6DAD00105743 /* Release */,
			);
			defaultConfigurationIsVisible = 0;
		};
/* End XCConfigurationList section */
	};
	rootObject = 0A11079C190A6DAC00105743 /* Project object */;
}
